
Microsoft Visual Studio Solution File, Format Version 12.00
# Visual Studio Version 17
VisualStudioVersion = 17.0.31912.275
MinimumVisualStudioVersion = 10.0.40219.1
Project("{FAE04EC0-301F-11D3-BF4B-00C04F79EFBC}") = "testAddGRPC", "testAddGRPC\testAddGRPC.csproj", "{83449FAB-8066-4D78-B69F-DC75021E6356}"
EndProject
Global
	GlobalSection(SolutionConfigurationPlatforms) = preSolution
		Debug|Any CPU = Debug|Any CPU
		Release|Any CPU = Release|Any CPU
	EndGlobalSection
	GlobalSection(ProjectConfigurationPlatforms) = postSolution
		{83449FAB-8066-4D78-B69F-DC75021E6356}.Debug|Any CPU.ActiveCfg = Debug|Any CPU
		{83449FAB-8066-4D78-B69F-DC75021E6356}.Debug|Any CPU.Build.0 = Debug|Any CPU
		{83449FAB-8066-4D78-B69F-DC75021E6356}.Release|Any CPU.ActiveCfg = Release|Any CPU
		{83449FAB-8066-4D78-B69F-DC75021E6356}.Release|Any CPU.Build.0 = Release|Any CPU
	EndGlobalSection
	GlobalSection(SolutionProperties) = preSolution
		HideSolutionNode = FALSE
	EndGlobalSection
	GlobalSection(ExtensibilityGlobals) = postSolution
		SolutionGuid = {F66C5D32-1342-472A-B3EA-53C850061B24}
	EndGlobalSection
EndGlobal
